
Microsoft Visual Studio Solution File, Format Version 12.00
# Visual Studio Version 16
VisualStudioVersion = 16.0.30104.148
MinimumVisualStudioVersion = 10.0.40219.1
Project("{FAE04EC0-301F-11D3-BF4B-00C04F79EFBC}") = "ComplexNumbers", "ComplexNumbers\ComplexNumbers.csproj", "{6F5A6DFF-927F-4928-AED6-0375A25827CE}"
EndProject
Project("{FAE04EC0-301F-11D3-BF4B-00C04F79EFBC}") = "ComplexNumbersClass", "ComplexNumbersClass\ComplexNumbersClass.csproj", "{DCE61118-6EA6-4C03-8C71-599D95356470}"
EndProject
Project("{FAE04EC0-301F-11D3-BF4B-00C04F79EFBC}") = "SumTryParse", "SumTryParse\SumTryParse.csproj", "{159F93E9-C82C-49CD-833E-CB1843003E17}"
EndProject
Project("{FAE04EC0-301F-11D3-BF4B-00C04F79EFBC}") = "Fractions", "ConsoleApp1\Fractions.csproj", "{9F0FC390-4A19-493F-BC62-93CC7344930E}"
EndProject
Global
	GlobalSection(SolutionConfigurationPlatforms) = preSolution
		Debug|Any CPU = Debug|Any CPU
		Release|Any CPU = Release|Any CPU
	EndGlobalSection
	GlobalSection(ProjectConfigurationPlatforms) = postSolution
		{6F5A6DFF-927F-4928-AED6-0375A25827CE}.Debug|Any CPU.ActiveCfg = Debug|Any CPU
		{6F5A6DFF-927F-4928-AED6-0375A25827CE}.Debug|Any CPU.Build.0 = Debug|Any CPU
		{6F5A6DFF-927F-4928-AED6-0375A25827CE}.Release|Any CPU.ActiveCfg = Release|Any CPU
		{6F5A6DFF-927F-4928-AED6-0375A25827CE}.Release|Any CPU.Build.0 = Release|Any CPU
		{DCE61118-6EA6-4C03-8C71-599D95356470}.Debug|Any CPU.ActiveCfg = Debug|Any CPU
		{DCE61118-6EA6-4C03-8C71-599D95356470}.Debug|Any CPU.Build.0 = Debug|Any CPU
		{DCE61118-6EA6-4C03-8C71-599D95356470}.Release|Any CPU.ActiveCfg = Release|Any CPU
		{DCE61118-6EA6-4C03-8C71-599D95356470}.Release|Any CPU.Build.0 = Release|Any CPU
		{159F93E9-C82C-49CD-833E-CB1843003E17}.Debug|Any CPU.ActiveCfg = Debug|Any CPU
		{159F93E9-C82C-49CD-833E-CB1843003E17}.Debug|Any CPU.Build.0 = Debug|Any CPU
		{159F93E9-C82C-49CD-833E-CB1843003E17}.Release|Any CPU.ActiveCfg = Release|Any CPU
		{159F93E9-C82C-49CD-833E-CB1843003E17}.Release|Any CPU.Build.0 = Release|Any CPU
		{9F0FC390-4A19-493F-BC62-93CC7344930E}.Debug|Any CPU.ActiveCfg = Debug|Any CPU
		{9F0FC390-4A19-493F-BC62-93CC7344930E}.Debug|Any CPU.Build.0 = Debug|Any CPU
		{9F0FC390-4A19-493F-BC62-93CC7344930E}.Release|Any CPU.ActiveCfg = Release|Any CPU
		{9F0FC390-4A19-493F-BC62-93CC7344930E}.Release|Any CPU.Build.0 = Release|Any CPU
	EndGlobalSection
	GlobalSection(SolutionProperties) = preSolution
		HideSolutionNode = FALSE
	EndGlobalSection
	GlobalSection(ExtensibilityGlobals) = postSolution
		SolutionGuid = {B68C7AAA-BA5F-4BD7-8D15-DE5CBC0D8332}
	EndGlobalSection
EndGlobal
